// !$*UTF8*$!
{
	archiveVersion = 1;
	classes = {
	};
	objectVersion = 50;
	objects = {

/* Begin PBXBuildFile section */
		6199348721B114B600B3727F /* animation-walkman0.gif in Resources */ = {isa = PBXBuildFile; fileRef = 6199348621B114B600B3727F /* animation-walkman0.gif */; };
		7678CD7F21B0C86900939C43 /* AppDelegate.swift in Sources */ = {isa = PBXBuildFile; fileRef = 7678CD7E21B0C86900939C43 /* AppDelegate.swift */; };
		7678CD8121B0C86900939C43 /* ViewController.swift in Sources */ = {isa = PBXBuildFile; fileRef = 7678CD8021B0C86900939C43 /* ViewController.swift */; };
		7678CD8421B0C86900939C43 /* Main.storyboard in Resources */ = {isa = PBXBuildFile; fileRef = 7678CD8221B0C86900939C43 /* Main.storyboard */; };
		7678CD8621B0C86B00939C43 /* Assets.xcassets in Resources */ = {isa = PBXBuildFile; fileRef = 7678CD8521B0C86B00939C43 /* Assets.xcassets */; };
		7678CD8921B0C86B00939C43 /* LaunchScreen.storyboard in Resources */ = {isa = PBXBuildFile; fileRef = 7678CD8721B0C86B00939C43 /* LaunchScreen.storyboard */; };
		7678CD9421B0C86C00939C43 /* MyHealthShareTests.swift in Sources */ = {isa = PBXBuildFile; fileRef = 7678CD9321B0C86C00939C43 /* MyHealthShareTests.swift */; };
		7678CD9F21B0CAFD00939C43 /* HealthUtil.swift in Sources */ = {isa = PBXBuildFile; fileRef = 7678CD9E21B0CAFD00939C43 /* HealthUtil.swift */; };
		7678CDA121B0CB0D00939C43 /* SlackUtil.swift in Sources */ = {isa = PBXBuildFile; fileRef = 7678CDA021B0CB0D00939C43 /* SlackUtil.swift */; };
		7678CDA521B0CF3100939C43 /* HealthKit.framework in Frameworks */ = {isa = PBXBuildFile; fileRef = 7678CDA421B0CF3100939C43 /* HealthKit.framework */; };
		7678CDA721B0D20A00939C43 /* GoogleService-Info.plist in Resources */ = {isa = PBXBuildFile; fileRef = 7678CDA621B0D20A00939C43 /* GoogleService-Info.plist */; };
		7678CDA921B0D3B100939C43 /* FirebaseUtil.swift in Sources */ = {isa = PBXBuildFile; fileRef = 7678CDA821B0D3B100939C43 /* FirebaseUtil.swift */; };
		7678CDAB21B0D68E00939C43 /* CellDequeueable.swift in Sources */ = {isa = PBXBuildFile; fileRef = 7678CDAA21B0D68E00939C43 /* CellDequeueable.swift */; };
		7678CDAD21B0D6B200939C43 /* IdentifierGettable.swift in Sources */ = {isa = PBXBuildFile; fileRef = 7678CDAC21B0D6B200939C43 /* IdentifierGettable.swift */; };
		7678CDAF21B0E09100939C43 /* Alamofire.framework in Frameworks */ = {isa = PBXBuildFile; fileRef = 7678CDAE21B0E09000939C43 /* Alamofire.framework */; };
		7678CDB321B0E0AD00939C43 /* RxSwift.framework in Frameworks */ = {isa = PBXBuildFile; fileRef = 7678CDB021B0E0AD00939C43 /* RxSwift.framework */; };
		7678CDB421B0E0AD00939C43 /* RxBlocking.framework in Frameworks */ = {isa = PBXBuildFile; fileRef = 7678CDB121B0E0AD00939C43 /* RxBlocking.framework */; };
		7678CDB521B0E0AD00939C43 /* RxCocoa.framework in Frameworks */ = {isa = PBXBuildFile; fileRef = 7678CDB221B0E0AD00939C43 /* RxCocoa.framework */; };
		7678CDB721B0E3DB00939C43 /* Date+Ext.swift in Sources */ = {isa = PBXBuildFile; fileRef = 7678CDB621B0E3DB00939C43 /* Date+Ext.swift */; };
		8C83BE9F5243A7582E805450 /* Pods_MyHealthShare.framework in Frameworks */ = {isa = PBXBuildFile; fileRef = C8C7B2C0D099AA2C2378B1A2 /* Pods_MyHealthShare.framework */; };
/* End PBXBuildFile section */

/* Begin PBXContainerItemProxy section */
		7678CD9021B0C86C00939C43 /* PBXContainerItemProxy */ = {
			isa = PBXContainerItemProxy;
			containerPortal = 7678CD7321B0C86900939C43 /* Project object */;
			proxyType = 1;
			remoteGlobalIDString = 7678CD7A21B0C86900939C43;
			remoteInfo = MyHealthShare;
		};
/* End PBXContainerItemProxy section */

/* Begin PBXFileReference section */
		41736C5ED32937835ED5D940 /* Pods-MyHealthShare.debug.xcconfig */ = {isa = PBXFileReference; includeInIndex = 1; lastKnownFileType = text.xcconfig; name = "Pods-MyHealthShare.debug.xcconfig"; path = "Pods/Target Support Files/Pods-MyHealthShare/Pods-MyHealthShare.debug.xcconfig"; sourceTree = "<group>"; };
		6199348621B114B600B3727F /* animation-walkman0.gif */ = {isa = PBXFileReference; lastKnownFileType = image.gif; path = "animation-walkman0.gif"; sourceTree = "<group>"; };
		7678CD7B21B0C86900939C43 /* MyHealthShare.app */ = {isa = PBXFileReference; explicitFileType = wrapper.application; includeInIndex = 0; path = MyHealthShare.app; sourceTree = BUILT_PRODUCTS_DIR; };
		7678CD7E21B0C86900939C43 /* AppDelegate.swift */ = {isa = PBXFileReference; lastKnownFileType = sourcecode.swift; path = AppDelegate.swift; sourceTree = "<group>"; };
		7678CD8021B0C86900939C43 /* ViewController.swift */ = {isa = PBXFileReference; lastKnownFileType = sourcecode.swift; path = ViewController.swift; sourceTree = "<group>"; };
		7678CD8321B0C86900939C43 /* Base */ = {isa = PBXFileReference; lastKnownFileType = file.storyboard; name = Base; path = Base.lproj/Main.storyboard; sourceTree = "<group>"; };
		7678CD8521B0C86B00939C43 /* Assets.xcassets */ = {isa = PBXFileReference; lastKnownFileType = folder.assetcatalog; path = Assets.xcassets; sourceTree = "<group>"; };
		7678CD8821B0C86B00939C43 /* Base */ = {isa = PBXFileReference; lastKnownFileType = file.storyboard; name = Base; path = Base.lproj/LaunchScreen.storyboard; sourceTree = "<group>"; };
		7678CD8A21B0C86B00939C43 /* Info.plist */ = {isa = PBXFileReference; lastKnownFileType = text.plist.xml; path = Info.plist; sourceTree = "<group>"; };
		7678CD8F21B0C86C00939C43 /* MyHealthShareTests.xctest */ = {isa = PBXFileReference; explicitFileType = wrapper.cfbundle; includeInIndex = 0; path = MyHealthShareTests.xctest; sourceTree = BUILT_PRODUCTS_DIR; };
		7678CD9321B0C86C00939C43 /* MyHealthShareTests.swift */ = {isa = PBXFileReference; lastKnownFileType = sourcecode.swift; path = MyHealthShareTests.swift; sourceTree = "<group>"; };
		7678CD9521B0C86C00939C43 /* Info.plist */ = {isa = PBXFileReference; lastKnownFileType = text.plist.xml; path = Info.plist; sourceTree = "<group>"; };
		7678CD9E21B0CAFD00939C43 /* HealthUtil.swift */ = {isa = PBXFileReference; lastKnownFileType = sourcecode.swift; path = HealthUtil.swift; sourceTree = "<group>"; };
		7678CDA021B0CB0D00939C43 /* SlackUtil.swift */ = {isa = PBXFileReference; lastKnownFileType = sourcecode.swift; path = SlackUtil.swift; sourceTree = "<group>"; };
		7678CDA321B0CF3100939C43 /* MyHealthShare.entitlements */ = {isa = PBXFileReference; lastKnownFileType = text.plist.entitlements; path = MyHealthShare.entitlements; sourceTree = "<group>"; };
		7678CDA421B0CF3100939C43 /* HealthKit.framework */ = {isa = PBXFileReference; lastKnownFileType = wrapper.framework; name = HealthKit.framework; path = System/Library/Frameworks/HealthKit.framework; sourceTree = SDKROOT; };
		7678CDA621B0D20A00939C43 /* GoogleService-Info.plist */ = {isa = PBXFileReference; fileEncoding = 4; lastKnownFileType = text.plist.xml; path = "GoogleService-Info.plist"; sourceTree = "<group>"; };
		7678CDA821B0D3B100939C43 /* FirebaseUtil.swift */ = {isa = PBXFileReference; lastKnownFileType = sourcecode.swift; path = FirebaseUtil.swift; sourceTree = "<group>"; };
		7678CDAA21B0D68E00939C43 /* CellDequeueable.swift */ = {isa = PBXFileReference; lastKnownFileType = sourcecode.swift; path = CellDequeueable.swift; sourceTree = "<group>"; };
		7678CDAC21B0D6B200939C43 /* IdentifierGettable.swift */ = {isa = PBXFileReference; lastKnownFileType = sourcecode.swift; path = IdentifierGettable.swift; sourceTree = "<group>"; };
		7678CDAE21B0E09000939C43 /* Alamofire.framework */ = {isa = PBXFileReference; lastKnownFileType = wrapper.framework; name = Alamofire.framework; path = Carthage/Build/iOS/Alamofire.framework; sourceTree = "<group>"; };
		7678CDB021B0E0AD00939C43 /* RxSwift.framework */ = {isa = PBXFileReference; lastKnownFileType = wrapper.framework; name = RxSwift.framework; path = Carthage/Build/iOS/RxSwift.framework; sourceTree = "<group>"; };
		7678CDB121B0E0AD00939C43 /* RxBlocking.framework */ = {isa = PBXFileReference; lastKnownFileType = wrapper.framework; name = RxBlocking.framework; path = Carthage/Build/iOS/RxBlocking.framework; sourceTree = "<group>"; };
		7678CDB221B0E0AD00939C43 /* RxCocoa.framework */ = {isa = PBXFileReference; lastKnownFileType = wrapper.framework; name = RxCocoa.framework; path = Carthage/Build/iOS/RxCocoa.framework; sourceTree = "<group>"; };
		7678CDB621B0E3DB00939C43 /* Date+Ext.swift */ = {isa = PBXFileReference; lastKnownFileType = sourcecode.swift; path = "Date+Ext.swift"; sourceTree = "<group>"; };
		C8C7B2C0D099AA2C2378B1A2 /* Pods_MyHealthShare.framework */ = {isa = PBXFileReference; explicitFileType = wrapper.framework; includeInIndex = 0; path = Pods_MyHealthShare.framework; sourceTree = BUILT_PRODUCTS_DIR; };
		ECF4087C49A48DD08D457811 /* Pods-MyHealthShare.release.xcconfig */ = {isa = PBXFileReference; includeInIndex = 1; lastKnownFileType = text.xcconfig; name = "Pods-MyHealthShare.release.xcconfig"; path = "Pods/Target Support Files/Pods-MyHealthShare/Pods-MyHealthShare.release.xcconfig"; sourceTree = "<group>"; };
/* End PBXFileReference section */

/* Begin PBXFrameworksBuildPhase section */
		7678CD7821B0C86900939C43 /* Frameworks */ = {
			isa = PBXFrameworksBuildPhase;
			buildActionMask = 2147483647;
			files = (
				7678CDB321B0E0AD00939C43 /* RxSwift.framework in Frameworks */,
				7678CDB421B0E0AD00939C43 /* RxBlocking.framework in Frameworks */,
				7678CDB521B0E0AD00939C43 /* RxCocoa.framework in Frameworks */,
				7678CDAF21B0E09100939C43 /* Alamofire.framework in Frameworks */,
				8C83BE9F5243A7582E805450 /* Pods_MyHealthShare.framework in Frameworks */,
				7678CDA521B0CF3100939C43 /* HealthKit.framework in Frameworks */,
			);
			runOnlyForDeploymentPostprocessing = 0;
		};
		7678CD8C21B0C86C00939C43 /* Frameworks */ = {
			isa = PBXFrameworksBuildPhase;
			buildActionMask = 2147483647;
			files = (
			);
			runOnlyForDeploymentPostprocessing = 0;
		};
/* End PBXFrameworksBuildPhase section */

/* Begin PBXGroup section */
		333F1785D67648522B02B84F /* Pods */ = {
			isa = PBXGroup;
			children = (
				41736C5ED32937835ED5D940 /* Pods-MyHealthShare.debug.xcconfig */,
				ECF4087C49A48DD08D457811 /* Pods-MyHealthShare.release.xcconfig */,
			);
			name = Pods;
			sourceTree = "<group>";
		};
		44C58AC0F6C0FCEA7A377734 /* Frameworks */ = {
			isa = PBXGroup;
			children = (
				7678CDB121B0E0AD00939C43 /* RxBlocking.framework */,
				7678CDB221B0E0AD00939C43 /* RxCocoa.framework */,
				7678CDB021B0E0AD00939C43 /* RxSwift.framework */,
				7678CDAE21B0E09000939C43 /* Alamofire.framework */,
				7678CDA421B0CF3100939C43 /* HealthKit.framework */,
				C8C7B2C0D099AA2C2378B1A2 /* Pods_MyHealthShare.framework */,
			);
			name = Frameworks;
			sourceTree = "<group>";
		};
		7678CD7221B0C86900939C43 = {
			isa = PBXGroup;
			children = (
				6199348621B114B600B3727F /* animation-walkman0.gif */,
				7678CD7D21B0C86900939C43 /* MyHealthShare */,
				7678CD9221B0C86C00939C43 /* MyHealthShareTests */,
				7678CD7C21B0C86900939C43 /* Products */,
				333F1785D67648522B02B84F /* Pods */,
				44C58AC0F6C0FCEA7A377734 /* Frameworks */,
			);
			sourceTree = "<group>";
		};
		7678CD7C21B0C86900939C43 /* Products */ = {
			isa = PBXGroup;
			children = (
				7678CD7B21B0C86900939C43 /* MyHealthShare.app */,
				7678CD8F21B0C86C00939C43 /* MyHealthShareTests.xctest */,
			);
			name = Products;
			sourceTree = "<group>";
		};
		7678CD7D21B0C86900939C43 /* MyHealthShare */ = {
			isa = PBXGroup;
			children = (
				7678CDA321B0CF3100939C43 /* MyHealthShare.entitlements */,
				7678CD7E21B0C86900939C43 /* AppDelegate.swift */,
				7678CD8021B0C86900939C43 /* ViewController.swift */,
				7678CD9E21B0CAFD00939C43 /* HealthUtil.swift */,
				7678CDA021B0CB0D00939C43 /* SlackUtil.swift */,
				7678CDA821B0D3B100939C43 /* FirebaseUtil.swift */,
				7678CDAA21B0D68E00939C43 /* CellDequeueable.swift */,
				7678CDAC21B0D6B200939C43 /* IdentifierGettable.swift */,
				7678CDB621B0E3DB00939C43 /* Date+Ext.swift */,
				7678CD8221B0C86900939C43 /* Main.storyboard */,
				7678CD8521B0C86B00939C43 /* Assets.xcassets */,
				7678CD8721B0C86B00939C43 /* LaunchScreen.storyboard */,
				7678CD8A21B0C86B00939C43 /* Info.plist */,
				7678CDA621B0D20A00939C43 /* GoogleService-Info.plist */,
			);
			path = MyHealthShare;
			sourceTree = "<group>";
		};
		7678CD9221B0C86C00939C43 /* MyHealthShareTests */ = {
			isa = PBXGroup;
			children = (
				7678CD9321B0C86C00939C43 /* MyHealthShareTests.swift */,
				7678CD9521B0C86C00939C43 /* Info.plist */,
			);
			path = MyHealthShareTests;
			sourceTree = "<group>";
		};
/* End PBXGroup section */

/* Begin PBXNativeTarget section */
		7678CD7A21B0C86900939C43 /* MyHealthShare */ = {
			isa = PBXNativeTarget;
			buildConfigurationList = 7678CD9821B0C86C00939C43 /* Build configuration list for PBXNativeTarget "MyHealthShare" */;
			buildPhases = (
				70E83A3EF75B14F92AC9290E /* [CP] Check Pods Manifest.lock */,
				7678CD7721B0C86900939C43 /* Sources */,
				7678CD7821B0C86900939C43 /* Frameworks */,
				7678CD7921B0C86900939C43 /* Resources */,
				7678CDA221B0CC8700939C43 /* ShellScript */,
				ACC79F0A912BDDE7D5B178F2 /* [CP] Embed Pods Frameworks */,
			);
			buildRules = (
			);
			dependencies = (
			);
			name = MyHealthShare;
			productName = MyHealthShare;
			productReference = 7678CD7B21B0C86900939C43 /* MyHealthShare.app */;
			productType = "com.apple.product-type.application";
		};
		7678CD8E21B0C86C00939C43 /* MyHealthShareTests */ = {
			isa = PBXNativeTarget;
			buildConfigurationList = 7678CD9B21B0C86C00939C43 /* Build configuration list for PBXNativeTarget "MyHealthShareTests" */;
			buildPhases = (
				7678CD8B21B0C86C00939C43 /* Sources */,
				7678CD8C21B0C86C00939C43 /* Frameworks */,
				7678CD8D21B0C86C00939C43 /* Resources */,
			);
			buildRules = (
			);
			dependencies = (
				7678CD9121B0C86C00939C43 /* PBXTargetDependency */,
			);
			name = MyHealthShareTests;
			productName = MyHealthShareTests;
			productReference = 7678CD8F21B0C86C00939C43 /* MyHealthShareTests.xctest */;
			productType = "com.apple.product-type.bundle.unit-test";
		};
/* End PBXNativeTarget section */

/* Begin PBXProject section */
		7678CD7321B0C86900939C43 /* Project object */ = {
			isa = PBXProject;
			attributes = {
				LastSwiftUpdateCheck = 1010;
				LastUpgradeCheck = 1010;
				ORGANIZATIONNAME = "beowulf-tech";
				TargetAttributes = {
					7678CD7A21B0C86900939C43 = {
						CreatedOnToolsVersion = 10.1;
						SystemCapabilities = {
							com.apple.HealthKit = {
								enabled = 1;
							};
						};
					};
					7678CD8E21B0C86C00939C43 = {
						CreatedOnToolsVersion = 10.1;
						TestTargetID = 7678CD7A21B0C86900939C43;
					};
				};
			};
			buildConfigurationList = 7678CD7621B0C86900939C43 /* Build configuration list for PBXProject "MyHealthShare" */;
			compatibilityVersion = "Xcode 9.3";
			developmentRegion = en;
			hasScannedForEncodings = 0;
			knownRegions = (
				en,
				Base,
			);
			mainGroup = 7678CD7221B0C86900939C43;
			productRefGroup = 7678CD7C21B0C86900939C43 /* Products */;
			projectDirPath = "";
			projectRoot = "";
			targets = (
				7678CD7A21B0C86900939C43 /* MyHealthShare */,
				7678CD8E21B0C86C00939C43 /* MyHealthShareTests */,
			);
		};
/* End PBXProject section */

/* Begin PBXResourcesBuildPhase section */
		7678CD7921B0C86900939C43 /* Resources */ = {
			isa = PBXResourcesBuildPhase;
			buildActionMask = 2147483647;
			files = (
				7678CD8921B0C86B00939C43 /* LaunchScreen.storyboard in Resources */,
				7678CDA721B0D20A00939C43 /* GoogleService-Info.plist in Resources */,
				6199348721B114B600B3727F /* animation-walkman0.gif in Resources */,
				7678CD8621B0C86B00939C43 /* Assets.xcassets in Resources */,
				7678CD8421B0C86900939C43 /* Main.storyboard in Resources */,
			);
			runOnlyForDeploymentPostprocessing = 0;
		};
		7678CD8D21B0C86C00939C43 /* Resources */ = {
			isa = PBXResourcesBuildPhase;
			buildActionMask = 2147483647;
			files = (
			);
			runOnlyForDeploymentPostprocessing = 0;
		};
/* End PBXResourcesBuildPhase section */

/* Begin PBXShellScriptBuildPhase section */
		70E83A3EF75B14F92AC9290E /* [CP] Check Pods Manifest.lock */ = {
			isa = PBXShellScriptBuildPhase;
			buildActionMask = 2147483647;
			files = (
			);
			inputFileListPaths = (
			);
			inputPaths = (
				"${PODS_PODFILE_DIR_PATH}/Podfile.lock",
				"${PODS_ROOT}/Manifest.lock",
			);
			name = "[CP] Check Pods Manifest.lock";
			outputFileListPaths = (
			);
			outputPaths = (
				"$(DERIVED_FILE_DIR)/Pods-MyHealthShare-checkManifestLockResult.txt",
			);
			runOnlyForDeploymentPostprocessing = 0;
			shellPath = /bin/sh;
			shellScript = "diff \"${PODS_PODFILE_DIR_PATH}/Podfile.lock\" \"${PODS_ROOT}/Manifest.lock\" > /dev/null\nif [ $? != 0 ] ; then\n    # print error to STDERR\n    echo \"error: The sandbox is not in sync with the Podfile.lock. Run 'pod install' or update your CocoaPods installation.\" >&2\n    exit 1\nfi\n# This output is used by Xcode 'outputs' to avoid re-running this script phase.\necho \"SUCCESS\" > \"${SCRIPT_OUTPUT_FILE_0}\"\n";
			showEnvVarsInLog = 0;
		};
		7678CDA221B0CC8700939C43 /* ShellScript */ = {
			isa = PBXShellScriptBuildPhase;
			buildActionMask = 2147483647;
			files = (
			);
			inputFileListPaths = (
			);
			inputPaths = (
				"$(SRCROOT)/Carthage/Build/iOS/Alamofire.framework",
				"$(SRCROOT)/Carthage/Build/iOS/RxSwift.framework",
				"$(SRCROOT)/Carthage/Build/iOS/RxCocoa.framework",
				"$(SRCROOT)/Carthage/Build/iOS/RxBlocking.framework",
			);
			outputFileListPaths = (
			);
			outputPaths = (
			);
			runOnlyForDeploymentPostprocessing = 0;
			shellPath = /bin/sh;
			shellScript = "/usr/local/bin/carthage copy-frameworks\n";
		};
		ACC79F0A912BDDE7D5B178F2 /* [CP] Embed Pods Frameworks */ = {
			isa = PBXShellScriptBuildPhase;
			buildActionMask = 2147483647;
			files = (
			);
			inputFileListPaths = (
			);
			inputPaths = (
				"${SRCROOT}/Pods/Target Support Files/Pods-MyHealthShare/Pods-MyHealthShare-frameworks.sh",
				"${BUILT_PRODUCTS_DIR}/GoogleUtilities/GoogleUtilities.framework",
				"${BUILT_PRODUCTS_DIR}/Protobuf/Protobuf.framework",
				"${BUILT_PRODUCTS_DIR}/nanopb/nanopb.framework",
			);
			name = "[CP] Embed Pods Frameworks";
			outputFileListPaths = (
			);
			outputPaths = (
				"${TARGET_BUILD_DIR}/${FRAMEWORKS_FOLDER_PATH}/GoogleUtilities.framework",
				"${TARGET_BUILD_DIR}/${FRAMEWORKS_FOLDER_PATH}/Protobuf.framework",
				"${TARGET_BUILD_DIR}/${FRAMEWORKS_FOLDER_PATH}/nanopb.framework",
			);
			runOnlyForDeploymentPostprocessing = 0;
			shellPath = /bin/sh;
			shellScript = "\"${SRCROOT}/Pods/Target Support Files/Pods-MyHealthShare/Pods-MyHealthShare-frameworks.sh\"\n";
			showEnvVarsInLog = 0;
		};
/* End PBXShellScriptBuildPhase section */

/* Begin PBXSourcesBuildPhase section */
		7678CD7721B0C86900939C43 /* Sources */ = {
			isa = PBXSourcesBuildPhase;
			buildActionMask = 2147483647;
			files = (
				7678CDAD21B0D6B200939C43 /* IdentifierGettable.swift in Sources */,
				7678CD9F21B0CAFD00939C43 /* HealthUtil.swift in Sources */,
				7678CDA921B0D3B100939C43 /* FirebaseUtil.swift in Sources */,
				7678CDB721B0E3DB00939C43 /* Date+Ext.swift in Sources */,
				7678CD8121B0C86900939C43 /* ViewController.swift in Sources */,
				7678CDA121B0CB0D00939C43 /* SlackUtil.swift in Sources */,
				7678CDAB21B0D68E00939C43 /* CellDequeueable.swift in Sources */,
				7678CD7F21B0C86900939C43 /* AppDelegate.swift in Sources */,
			);
			runOnlyForDeploymentPostprocessing = 0;
		};
		7678CD8B21B0C86C00939C43 /* Sources */ = {
			isa = PBXSourcesBuildPhase;
			buildActionMask = 2147483647;
			files = (
				7678CD9421B0C86C00939C43 /* MyHealthShareTests.swift in Sources */,
			);
			runOnlyForDeploymentPostprocessing = 0;
		};
/* End PBXSourcesBuildPhase section */

/* Begin PBXTargetDependency section */
		7678CD9121B0C86C00939C43 /* PBXTargetDependency */ = {
			isa = PBXTargetDependency;
			target = 7678CD7A21B0C86900939C43 /* MyHealthShare */;
			targetProxy = 7678CD9021B0C86C00939C43 /* PBXContainerItemProxy */;
		};
/* End PBXTargetDependency section */

/* Begin PBXVariantGroup section */
		7678CD8221B0C86900939C43 /* Main.storyboard */ = {
			isa = PBXVariantGroup;
			children = (
				7678CD8321B0C86900939C43 /* Base */,
			);
			name = Main.storyboard;
			sourceTree = "<group>";
		};
		7678CD8721B0C86B00939C43 /* LaunchScreen.storyboard */ = {
			isa = PBXVariantGroup;
			children = (
				7678CD8821B0C86B00939C43 /* Base */,
			);
			name = LaunchScreen.storyboard;
			sourceTree = "<group>";
		};
/* End PBXVariantGroup section */

/* Begin XCBuildConfiguration section */
		7678CD9621B0C86C00939C43 /* Debug */ = {
			isa = XCBuildConfiguration;
			buildSettings = {
				ALWAYS_SEARCH_USER_PATHS = NO;
				CLANG_ANALYZER_NONNULL = YES;
				CLANG_ANALYZER_NUMBER_OBJECT_CONVERSION = YES_AGGRESSIVE;
				CLANG_CXX_LANGUAGE_STANDARD = "gnu++14";
				CLANG_CXX_LIBRARY = "libc++";
				CLANG_ENABLE_MODULES = YES;
				CLANG_ENABLE_OBJC_ARC = YES;
				CLANG_ENABLE_OBJC_WEAK = YES;
				CLANG_WARN_BLOCK_CAPTURE_AUTORELEASING = YES;
				CLANG_WARN_BOOL_CONVERSION = YES;
				CLANG_WARN_COMMA = YES;
				CLANG_WARN_CONSTANT_CONVERSION = YES;
				CLANG_WARN_DEPRECATED_OBJC_IMPLEMENTATIONS = YES;
				CLANG_WARN_DIRECT_OBJC_ISA_USAGE = YES_ERROR;
				CLANG_WARN_DOCUMENTATION_COMMENTS = YES;
				CLANG_WARN_EMPTY_BODY = YES;
				CLANG_WARN_ENUM_CONVERSION = YES;
				CLANG_WARN_INFINITE_RECURSION = YES;
				CLANG_WARN_INT_CONVERSION = YES;
				CLANG_WARN_NON_LITERAL_NULL_CONVERSION = YES;
				CLANG_WARN_OBJC_IMPLICIT_RETAIN_SELF = YES;
				CLANG_WARN_OBJC_LITERAL_CONVERSION = YES;
				CLANG_WARN_OBJC_ROOT_CLASS = YES_ERROR;
				CLANG_WARN_RANGE_LOOP_ANALYSIS = YES;
				CLANG_WARN_STRICT_PROTOTYPES = YES;
				CLANG_WARN_SUSPICIOUS_MOVE = YES;
				CLANG_WARN_UNGUARDED_AVAILABILITY = YES_AGGRESSIVE;
				CLANG_WARN_UNREACHABLE_CODE = YES;
				CLANG_WARN__DUPLICATE_METHOD_MATCH = YES;
				CODE_SIGN_IDENTITY = "iPhone Developer";
				COPY_PHASE_STRIP = NO;
				DEBUG_INFORMATION_FORMAT = dwarf;
				ENABLE_STRICT_OBJC_MSGSEND = YES;
				ENABLE_TESTABILITY = YES;
				GCC_C_LANGUAGE_STANDARD = gnu11;
				GCC_DYNAMIC_NO_PIC = NO;
				GCC_NO_COMMON_BLOCKS = YES;
				GCC_OPTIMIZATION_LEVEL = 0;
				GCC_PREPROCESSOR_DEFINITIONS = (
					"DEBUG=1",
					"$(inherited)",
				);
				GCC_WARN_64_TO_32_BIT_CONVERSION = YES;
				GCC_WARN_ABOUT_RETURN_TYPE = YES_ERROR;
				GCC_WARN_UNDECLARED_SELECTOR = YES;
				GCC_WARN_UNINITIALIZED_AUTOS = YES_AGGRESSIVE;
				GCC_WARN_UNUSED_FUNCTION = YES;
				GCC_WARN_UNUSED_VARIABLE = YES;
				IPHONEOS_DEPLOYMENT_TARGET = 12.1;
				MTL_ENABLE_DEBUG_INFO = INCLUDE_SOURCE;
				MTL_FAST_MATH = YES;
				ONLY_ACTIVE_ARCH = YES;
				SDKROOT = iphoneos;
				SWIFT_ACTIVE_COMPILATION_CONDITIONS = DEBUG;
				SWIFT_OPTIMIZATION_LEVEL = "-Onone";
			};
			name = Debug;
		};
		7678CD9721B0C86C00939C43 /* Release */ = {
			isa = XCBuildConfiguration;
			buildSettings = {
				ALWAYS_SEARCH_USER_PATHS = NO;
				CLANG_ANALYZER_NONNULL = YES;
				CLANG_ANALYZER_NUMBER_OBJECT_CONVERSION = YES_AGGRESSIVE;
				CLANG_CXX_LANGUAGE_STANDARD = "gnu++14";
				CLANG_CXX_LIBRARY = "libc++";
				CLANG_ENABLE_MODULES = YES;
				CLANG_ENABLE_OBJC_ARC = YES;
				CLANG_ENABLE_OBJC_WEAK = YES;
				CLANG_WARN_BLOCK_CAPTURE_AUTORELEASING = YES;
				CLANG_WARN_BOOL_CONVERSION = YES;
				CLANG_WARN_COMMA = YES;
				CLANG_WARN_CONSTANT_CONVERSION = YES;
				CLANG_WARN_DEPRECATED_OBJC_IMPLEMENTATIONS = YES;
				CLANG_WARN_DIRECT_OBJC_ISA_USAGE = YES_ERROR;
				CLANG_WARN_DOCUMENTATION_COMMENTS = YES;
				CLANG_WARN_EMPTY_BODY = YES;
				CLANG_WARN_ENUM_CONVERSION = YES;
				CLANG_WARN_INFINITE_RECURSION = YES;
				CLANG_WARN_INT_CONVERSION = YES;
				CLANG_WARN_NON_LITERAL_NULL_CONVERSION = YES;
				CLANG_WARN_OBJC_IMPLICIT_RETAIN_SELF = YES;
				CLANG_WARN_OBJC_LITERAL_CONVERSION = YES;
				CLANG_WARN_OBJC_ROOT_CLASS = YES_ERROR;
				CLANG_WARN_RANGE_LOOP_ANALYSIS = YES;
				CLANG_WARN_STRICT_PROTOTYPES = YES;
				CLANG_WARN_SUSPICIOUS_MOVE = YES;
				CLANG_WARN_UNGUARDED_AVAILABILITY = YES_AGGRESSIVE;
				CLANG_WARN_UNREACHABLE_CODE = YES;
				CLANG_WARN__DUPLICATE_METHOD_MATCH = YES;
				CODE_SIGN_IDENTITY = "iPhone Developer";
				COPY_PHASE_STRIP = NO;
				DEBUG_INFORMATION_FORMAT = "dwarf-with-dsym";
				ENABLE_NS_ASSERTIONS = NO;
				ENABLE_STRICT_OBJC_MSGSEND = YES;
				GCC_C_LANGUAGE_STANDARD = gnu11;
				GCC_NO_COMMON_BLOCKS = YES;
				GCC_WARN_64_TO_32_BIT_CONVERSION = YES;
				GCC_WARN_ABOUT_RETURN_TYPE = YES_ERROR;
				GCC_WARN_UNDECLARED_SELECTOR = YES;
				GCC_WARN_UNINITIALIZED_AUTOS = YES_AGGRESSIVE;
				GCC_WARN_UNUSED_FUNCTION = YES;
				GCC_WARN_UNUSED_VARIABLE = YES;
				IPHONEOS_DEPLOYMENT_TARGET = 12.1;
				MTL_ENABLE_DEBUG_INFO = NO;
				MTL_FAST_MATH = YES;
				SDKROOT = iphoneos;
				SWIFT_COMPILATION_MODE = wholemodule;
				SWIFT_OPTIMIZATION_LEVEL = "-O";
				VALIDATE_PRODUCT = YES;
			};
			name = Release;
		};
		7678CD9921B0C86C00939C43 /* Debug */ = {
			isa = XCBuildConfiguration;
			baseConfigurationReference = 41736C5ED32937835ED5D940 /* Pods-MyHealthShare.debug.xcconfig */;
			buildSettings = {
				ASSETCATALOG_COMPILER_APPICON_NAME = AppIcon;
				CODE_SIGN_ENTITLEMENTS = MyHealthShare/MyHealthShare.entitlements;
				CODE_SIGN_STYLE = Automatic;
				DEVELOPMENT_TEAM = D6A5KP29BP;
				FRAMEWORK_SEARCH_PATHS = (
					"$(inherited)",
					"$(PROJECT_DIR)/Carthage/Build/iOS",
				);
				INFOPLIST_FILE = MyHealthShare/Info.plist;
				LD_RUNPATH_SEARCH_PATHS = (
					"$(inherited)",
					"@executable_path/Frameworks",
				);
				PRODUCT_BUNDLE_IDENTIFIER = "com.beowulf-tech.MyHealthShare";
				PRODUCT_NAME = "$(TARGET_NAME)";
				SWIFT_VERSION = 4.2;
				TARGETED_DEVICE_FAMILY = "1,2";
			};
			name = Debug;
		};
		7678CD9A21B0C86C00939C43 /* Release */ = {
			isa = XCBuildConfiguration;
			baseConfigurationReference = ECF4087C49A48DD08D457811 /* Pods-MyHealthShare.release.xcconfig */;
			buildSettings = {
				ASSETCATALOG_COMPILER_APPICON_NAME = AppIcon;
				CODE_SIGN_ENTITLEMENTS = MyHealthShare/MyHealthShare.entitlements;
				CODE_SIGN_STYLE = Automatic;
				DEVELOPMENT_TEAM = D6A5KP29BP;
				FRAMEWORK_SEARCH_PATHS = (
					"$(inherited)",
					"$(PROJECT_DIR)/Carthage/Build/iOS",
				);
				INFOPLIST_FILE = MyHealthShare/Info.plist;
				LD_RUNPATH_SEARCH_PATHS = (
					"$(inherited)",
					"@executable_path/Frameworks",
				);
				PRODUCT_BUNDLE_IDENTIFIER = "com.beowulf-tech.MyHealthShare";
				PRODUCT_NAME = "$(TARGET_NAME)";
				SWIFT_VERSION = 4.2;
				TARGETED_DEVICE_FAMILY = "1,2";
			};
			name = Release;
		};
		7678CD9C21B0C86C00939C43 /* Debug */ = {
			isa = XCBuildConfiguration;
			buildSettings = {
				ALWAYS_EMBED_SWIFT_STANDARD_LIBRARIES = YES;
				BUNDLE_LOADER = "$(TEST_HOST)";
				CODE_SIGN_STYLE = Automatic;
				DEVELOPMENT_TEAM = D6A5KP29BP;
				INFOPLIST_FILE = MyHealthShareTests/Info.plist;
				LD_RUNPATH_SEARCH_PATHS = (
					"$(inherited)",
					"@executable_path/Frameworks",
					"@loader_path/Frameworks",
				);
				PRODUCT_BUNDLE_IDENTIFIER = "com.beowulf-tech.MyHealthShareTests";
				PRODUCT_NAME = "$(TARGET_NAME)";
				SWIFT_VERSION = 4.2;
				TARGETED_DEVICE_FAMILY = "1,2";
				TEST_HOST = "$(BUILT_PRODUCTS_DIR)/MyHealthShare.app/MyHealthShare";
			};
			name = Debug;
		};
		7678CD9D21B0C86C00939C43 /* Release */ = {
			isa = XCBuildConfiguration;
			buildSettings = {
				ALWAYS_EMBED_SWIFT_STANDARD_LIBRARIES = YES;
				BUNDLE_LOADER = "$(TEST_HOST)";
				CODE_SIGN_STYLE = Automatic;
				DEVELOPMENT_TEAM = D6A5KP29BP;
				INFOPLIST_FILE = MyHealthShareTests/Info.plist;
				LD_RUNPATH_SEARCH_PATHS = (
					"$(inherited)",
					"@executable_path/Frameworks",
					"@loader_path/Frameworks",
				);
				PRODUCT_BUNDLE_IDENTIFIER = "com.beowulf-tech.MyHealthShareTests";
				PRODUCT_NAME = "$(TARGET_NAME)";
				SWIFT_VERSION = 4.2;
				TARGETED_DEVICE_FAMILY = "1,2";
				TEST_HOST = "$(BUILT_PRODUCTS_DIR)/MyHealthShare.app/MyHealthShare";
			};
			name = Release;
		};
/* End XCBuildConfiguration section */

/* Begin XCConfigurationList section */
		7678CD7621B0C86900939C43 /* Build configuration list for PBXProject "MyHealthShare" */ = {
			isa = XCConfigurationList;
			buildConfigurations = (
				7678CD9621B0C86C00939C43 /* Debug */,
				7678CD9721B0C86C00939C43 /* Release */,
			);
			defaultConfigurationIsVisible = 0;
			defaultConfigurationName = Release;
		};
		7678CD9821B0C86C00939C43 /* Build configuration list for PBXNativeTarget "MyHealthShare" */ = {
			isa = XCConfigurationList;
			buildConfigurations = (
				7678CD9921B0C86C00939C43 /* Debug */,
				7678CD9A21B0C86C00939C43 /* Release */,
			);
			defaultConfigurationIsVisible = 0;
			defaultConfigurationName = Release;
		};
		7678CD9B21B0C86C00939C43 /* Build configuration list for PBXNativeTarget "MyHealthShareTests" */ = {
			isa = XCConfigurationList;
			buildConfigurations = (
				7678CD9C21B0C86C00939C43 /* Debug */,
				7678CD9D21B0C86C00939C43 /* Release */,
			);
			defaultConfigurationIsVisible = 0;
			defaultConfigurationName = Release;
		};
/* End XCConfigurationList section */
	};
	rootObject = 7678CD7321B0C86900939C43 /* Project object */;
}
